PODS:
  - AFNetworking (2.6.3):
    - AFNetworking/NSURLConnection (= 2.6.3)
    - AFNetworking/NSURLSession (= 2.6.3)
    - AFNetworking/Reachability (= 2.6.3)
    - AFNetworking/Security (= 2.6.3)
    - AFNetworking/Serialization (= 2.6.3)
    - AFNetworking/UIKit (= 2.6.3)
  - AFNetworking/NSURLConnection (2.6.3):
    - AFNetworking/Reachability
    - AFNetworking/Security
    - AFNetworking/Serialization
  - AFNetworking/NSURLSession (2.6.3):
    - AFNetworking/Reachability
    - AFNetworking/Security
    - AFNetworking/Serialization
  - AFNetworking/Reachability (2.6.3)
  - AFNetworking/Security (2.6.3)
  - AFNetworking/Serialization (2.6.3)
  - AFNetworking/UIKit (2.6.3):
    - AFNetworking/NSURLConnection
    - AFNetworking/NSURLSession
  - MIHGradientView (1.0.0)
  - SVProgressHUD (2.1.2)
  - XMLDictionary (1.4.1)

DEPENDENCIES:
  - AFNetworking (~> 2.0)
  - MIHGradientView
  - SVProgressHUD
  - XMLDictionary

SPEC CHECKSUMS:
  AFNetworking: cb8d14a848e831097108418f5d49217339d4eb60
  MIHGradientView: a4f9e0ffb69748f56b2531128f124cf66be1fb43
  SVProgressHUD: c404a55d78acbeb7ebb78b76d3faf986475a6994
  XMLDictionary: fa07b6ff422b3a91d47a5de9bc82e3fc04fbd167

PODFILE CHECKSUM: efb10df56ab6c303f57795ee514d197a407980e2

COCOAPODS: 1.2.0
